// !$*UTF8*$!
{
	archiveVersion = 1;
	classes = {
	};
	objectVersion = 46;
	objects = {

/* Begin PBXBuildFile section */
		880E6F8A1D6E6EFB0014C35C /* BackEndItemViewController.swift in Sources */ = {isa = PBXBuildFile; fileRef = 881106521D6E2B5D00C9835C /* BackEndItemViewController.swift */; };
		880E6F931D722D0B0014C35C /* JSONStorageManager.swift in Sources */ = {isa = PBXBuildFile; fileRef = 880E6F921D722D0B0014C35C /* JSONStorageManager.swift */; };
		880E6F951D722DBE0014C35C /* StorageManager.swift in Sources */ = {isa = PBXBuildFile; fileRef = 880E6F941D722DBE0014C35C /* StorageManager.swift */; };
		8811064F1D6CE1B400C9835C /* FrontEndItemViewController.swift in Sources */ = {isa = PBXBuildFile; fileRef = 8811064E1D6CE1B400C9835C /* FrontEndItemViewController.swift */; };
		881106591D6E319200C9835C /* BackEndItemsViewController.swift in Sources */ = {isa = PBXBuildFile; fileRef = 881106581D6E319200C9835C /* BackEndItemsViewController.swift */; };
		8811065B1D6E436C00C9835C /* BackEndItemCell.swift in Sources */ = {isa = PBXBuildFile; fileRef = 8811065A1D6E436C00C9835C /* BackEndItemCell.swift */; };
		883DC2E81D64DAF90022D4CE /* ShopItem.swift in Sources */ = {isa = PBXBuildFile; fileRef = 883DC2E71D64DAF90022D4CE /* ShopItem.swift */; };
		883DC2EB1D64FAFF0022D4CE /* CSVStorageManager.swift in Sources */ = {isa = PBXBuildFile; fileRef = 883DC2EA1D64FAFF0022D4CE /* CSVStorageManager.swift */; };
		88E9E3411D69D3C400A0E3C3 /* ShopDataManager.swift in Sources */ = {isa = PBXBuildFile; fileRef = 88E9E3401D69D3C400A0E3C3 /* ShopDataManager.swift */; };
		88F93BD21D465B5200B99B7C /* AppDelegate.swift in Sources */ = {isa = PBXBuildFile; fileRef = 88F93BD11D465B5200B99B7C /* AppDelegate.swift */; };
		88F93BD41D465B5200B99B7C /* FrontItemsViewController.swift in Sources */ = {isa = PBXBuildFile; fileRef = 88F93BD31D465B5200B99B7C /* FrontItemsViewController.swift */; };
		88F93BD91D465B5200B99B7C /* Main.storyboard in Resources */ = {isa = PBXBuildFile; fileRef = 88F93BD71D465B5200B99B7C /* Main.storyboard */; };
		88F93BDB1D465B5200B99B7C /* Assets.xcassets in Resources */ = {isa = PBXBuildFile; fileRef = 88F93BDA1D465B5200B99B7C /* Assets.xcassets */; };
		88F93BDE1D465B5200B99B7C /* LaunchScreen.storyboard in Resources */ = {isa = PBXBuildFile; fileRef = 88F93BDC1D465B5200B99B7C /* LaunchScreen.storyboard */; };
		88F93BE61D46628600B99B7C /* data.csv in Resources */ = {isa = PBXBuildFile; fileRef = 88F93BE51D46628600B99B7C /* data.csv */; };
		DBA7E45868B08E3B05B438AB /* Pods_FunBoxTest.framework in Frameworks */ = {isa = PBXBuildFile; fileRef = 665C772B42704612D2A46D66 /* Pods_FunBoxTest.framework */; };
/* End PBXBuildFile section */

/* Begin PBXFileReference section */
		05A7FF323D13F4CAC361B052 /* Pods-FunBoxTest.release.xcconfig */ = {isa = PBXFileReference; includeInIndex = 1; lastKnownFileType = text.xcconfig; name = "Pods-FunBoxTest.release.xcconfig"; path = "Pods/Target Support Files/Pods-FunBoxTest/Pods-FunBoxTest.release.xcconfig"; sourceTree = "<group>"; };
		4AFF52E89352BFB40127F8AE /* Pods-FunBoxTest.debug.xcconfig */ = {isa = PBXFileReference; includeInIndex = 1; lastKnownFileType = text.xcconfig; name = "Pods-FunBoxTest.debug.xcconfig"; path = "Pods/Target Support Files/Pods-FunBoxTest/Pods-FunBoxTest.debug.xcconfig"; sourceTree = "<group>"; };
		665C772B42704612D2A46D66 /* Pods_FunBoxTest.framework */ = {isa = PBXFileReference; explicitFileType = wrapper.framework; includeInIndex = 0; path = Pods_FunBoxTest.framework; sourceTree = BUILT_PRODUCTS_DIR; };
		880E6F921D722D0B0014C35C /* JSONStorageManager.swift */ = {isa = PBXFileReference; fileEncoding = 4; lastKnownFileType = sourcecode.swift; path = JSONStorageManager.swift; sourceTree = "<group>"; };
		880E6F941D722DBE0014C35C /* StorageManager.swift */ = {isa = PBXFileReference; fileEncoding = 4; lastKnownFileType = sourcecode.swift; path = StorageManager.swift; sourceTree = "<group>"; };
		8811064E1D6CE1B400C9835C /* FrontEndItemViewController.swift */ = {isa = PBXFileReference; fileEncoding = 4; lastKnownFileType = sourcecode.swift; name = FrontEndItemViewController.swift; path = ViewControllers/FrontEndItemViewController.swift; sourceTree = "<group>"; };
		881106521D6E2B5D00C9835C /* BackEndItemViewController.swift */ = {isa = PBXFileReference; fileEncoding = 4; lastKnownFileType = sourcecode.swift; path = BackEndItemViewController.swift; sourceTree = "<group>"; };
		881106581D6E319200C9835C /* BackEndItemsViewController.swift */ = {isa = PBXFileReference; fileEncoding = 4; lastKnownFileType = sourcecode.swift; path = BackEndItemsViewController.swift; sourceTree = "<group>"; };
		8811065A1D6E436C00C9835C /* BackEndItemCell.swift */ = {isa = PBXFileReference; fileEncoding = 4; lastKnownFileType = sourcecode.swift; name = BackEndItemCell.swift; path = Views/BackEndItemCell.swift; sourceTree = "<group>"; };
		883DC2E71D64DAF90022D4CE /* ShopItem.swift */ = {isa = PBXFileReference; fileEncoding = 4; lastKnownFileType = sourcecode.swift; path = ShopItem.swift; sourceTree = "<group>"; };
		883DC2EA1D64FAFF0022D4CE /* CSVStorageManager.swift */ = {isa = PBXFileReference; fileEncoding = 4; lastKnownFileType = sourcecode.swift; path = CSVStorageManager.swift; sourceTree = "<group>"; };
		88E9E3401D69D3C400A0E3C3 /* ShopDataManager.swift */ = {isa = PBXFileReference; fileEncoding = 4; lastKnownFileType = sourcecode.swift; path = ShopDataManager.swift; sourceTree = "<group>"; };
		88F93BCE1D465B5200B99B7C /* FunBoxTest.app */ = {isa = PBXFileReference; explicitFileType = wrapper.application; includeInIndex = 0; path = FunBoxTest.app; sourceTree = BUILT_PRODUCTS_DIR; };
		88F93BD11D465B5200B99B7C /* AppDelegate.swift */ = {isa = PBXFileReference; lastKnownFileType = sourcecode.swift; path = AppDelegate.swift; sourceTree = "<group>"; };
		88F93BD31D465B5200B99B7C /* FrontItemsViewController.swift */ = {isa = PBXFileReference; lastKnownFileType = sourcecode.swift; path = FrontItemsViewController.swift; sourceTree = "<group>"; };
		88F93BD81D465B5200B99B7C /* Base */ = {isa = PBXFileReference; lastKnownFileType = file.storyboard; name = Base; path = Base.lproj/Main.storyboard; sourceTree = "<group>"; };
		88F93BDA1D465B5200B99B7C /* Assets.xcassets */ = {isa = PBXFileReference; lastKnownFileType = folder.assetcatalog; path = Assets.xcassets; sourceTree = "<group>"; };
		88F93BDD1D465B5200B99B7C /* Base */ = {isa = PBXFileReference; lastKnownFileType = file.storyboard; name = Base; path = Base.lproj/LaunchScreen.storyboard; sourceTree = "<group>"; };
		88F93BDF1D465B5200B99B7C /* Info.plist */ = {isa = PBXFileReference; lastKnownFileType = text.plist.xml; path = Info.plist; sourceTree = "<group>"; };
		88F93BE51D46628600B99B7C /* data.csv */ = {isa = PBXFileReference; fileEncoding = 4; lastKnownFileType = text; path = data.csv; sourceTree = "<group>"; };
/* End PBXFileReference section */

/* Begin PBXFrameworksBuildPhase section */
		88F93BCB1D465B5200B99B7C /* Frameworks */ = {
			isa = PBXFrameworksBuildPhase;
			buildActionMask = 2147483647;
			files = (
				DBA7E45868B08E3B05B438AB /* Pods_FunBoxTest.framework in Frameworks */,
			);
			runOnlyForDeploymentPostprocessing = 0;
		};
/* End PBXFrameworksBuildPhase section */

/* Begin PBXGroup section */
		1E5C66E407F7D210B6FAE264 /* Pods */ = {
			isa = PBXGroup;
			children = (
				4AFF52E89352BFB40127F8AE /* Pods-FunBoxTest.debug.xcconfig */,
				05A7FF323D13F4CAC361B052 /* Pods-FunBoxTest.release.xcconfig */,
			);
			name = Pods;
			sourceTree = "<group>";
		};
		880E6F8B1D6E70250014C35C /* BackEnd */ = {
			isa = PBXGroup;
			children = (
				881106581D6E319200C9835C /* BackEndItemsViewController.swift */,
				881106521D6E2B5D00C9835C /* BackEndItemViewController.swift */,
			);
			name = BackEnd;
			sourceTree = "<group>";
		};
		880E6F8C1D6E702F0014C35C /* StoreFront */ = {
			isa = PBXGroup;
			children = (
				8811064E1D6CE1B400C9835C /* FrontEndItemViewController.swift */,
				88F93BD31D465B5200B99B7C /* FrontItemsViewController.swift */,
			);
			name = StoreFront;
			sourceTree = "<group>";
		};
		8811064B1D6CE0BA00C9835C /* ViewControllers */ = {
			isa = PBXGroup;
			children = (
				880E6F8C1D6E702F0014C35C /* StoreFront */,
				880E6F8B1D6E70250014C35C /* BackEnd */,
			);
			name = ViewControllers;
			sourceTree = "<group>";
		};
		8811065C1D6E437700C9835C /* Views */ = {
			isa = PBXGroup;
			children = (
				8811065A1D6E436C00C9835C /* BackEndItemCell.swift */,
			);
			name = Views;
			sourceTree = "<group>";
		};
		883DC2E61D64D1C20022D4CE /* Model */ = {
			isa = PBXGroup;
			children = (
				883DC2E91D64E2F40022D4CE /* RLMEntities */,
				88E9E3401D69D3C400A0E3C3 /* ShopDataManager.swift */,
			);
			name = Model;
			sourceTree = "<group>";
		};
		883DC2E91D64E2F40022D4CE /* RLMEntities */ = {
			isa = PBXGroup;
			children = (
				883DC2E71D64DAF90022D4CE /* ShopItem.swift */,
			);
			name = RLMEntities;
			sourceTree = "<group>";
		};
		88810DCE1D64CD7A0034F084 /* Data */ = {
			isa = PBXGroup;
			children = (
				883DC2EA1D64FAFF0022D4CE /* CSVStorageManager.swift */,
				880E6F921D722D0B0014C35C /* JSONStorageManager.swift */,
				880E6F941D722DBE0014C35C /* StorageManager.swift */,
			);
			name = Data;
			sourceTree = "<group>";
		};
		88F93BC51D465B5200B99B7C = {
			isa = PBXGroup;
			children = (
				88F93BD01D465B5200B99B7C /* FunBoxTest */,
				88F93BCF1D465B5200B99B7C /* Products */,
				1E5C66E407F7D210B6FAE264 /* Pods */,
				ECB8CA610C19F6C520733CA8 /* Frameworks */,
			);
			sourceTree = "<group>";
		};
		88F93BCF1D465B5200B99B7C /* Products */ = {
			isa = PBXGroup;
			children = (
				88F93BCE1D465B5200B99B7C /* FunBoxTest.app */,
			);
			name = Products;
			sourceTree = "<group>";
		};
		88F93BD01D465B5200B99B7C /* FunBoxTest */ = {
			isa = PBXGroup;
			children = (
				8811065C1D6E437700C9835C /* Views */,
				8811064B1D6CE0BA00C9835C /* ViewControllers */,
				883DC2E61D64D1C20022D4CE /* Model */,
				88810DCE1D64CD7A0034F084 /* Data */,
				88F93BD11D465B5200B99B7C /* AppDelegate.swift */,
				88F93BE51D46628600B99B7C /* data.csv */,
				88F93BD71D465B5200B99B7C /* Main.storyboard */,
				88F93BDA1D465B5200B99B7C /* Assets.xcassets */,
				88F93BDC1D465B5200B99B7C /* LaunchScreen.storyboard */,
				88F93BDF1D465B5200B99B7C /* Info.plist */,
			);
			path = FunBoxTest;
			sourceTree = "<group>";
		};
		ECB8CA610C19F6C520733CA8 /* Frameworks */ = {
			isa = PBXGroup;
			children = (
				665C772B42704612D2A46D66 /* Pods_FunBoxTest.framework */,
			);
			name = Frameworks;
			sourceTree = "<group>";
		};
/* End PBXGroup section */

/* Begin PBXNativeTarget section */
		88F93BCD1D465B5200B99B7C /* FunBoxTest */ = {
			isa = PBXNativeTarget;
			buildConfigurationList = 88F93BE21D465B5200B99B7C /* Build configuration list for PBXNativeTarget "FunBoxTest" */;
			buildPhases = (
				BB952B1BBCD6D94935CF5BED /* [CP] Check Pods Manifest.lock */,
				88F93BCA1D465B5200B99B7C /* Sources */,
				88F93BCB1D465B5200B99B7C /* Frameworks */,
				88F93BCC1D465B5200B99B7C /* Resources */,
				C698A7056B97A0B2F2E2C74B /* [CP] Embed Pods Frameworks */,
				FC1DD2197924AD88E220BC97 /* [CP] Copy Pods Resources */,
			);
			buildRules = (
			);
			dependencies = (
			);
			name = FunBoxTest;
			productName = FunBoxTest;
			productReference = 88F93BCE1D465B5200B99B7C /* FunBoxTest.app */;
			productType = "com.apple.product-type.application";
		};
/* End PBXNativeTarget section */

/* Begin PBXProject section */
		88F93BC61D465B5200B99B7C /* Project object */ = {
			isa = PBXProject;
			attributes = {
				LastSwiftUpdateCheck = 0730;
				LastUpgradeCheck = 0730;
				ORGANIZATIONNAME = "Алексей";
				TargetAttributes = {
					88F93BCD1D465B5200B99B7C = {
						CreatedOnToolsVersion = 7.3.1;
						DevelopmentTeam = 7HLY3EQ26F;
					};
				};
			};
			buildConfigurationList = 88F93BC91D465B5200B99B7C /* Build configuration list for PBXProject "FunBoxTest" */;
			compatibilityVersion = "Xcode 3.2";
			developmentRegion = English;
			hasScannedForEncodings = 0;
			knownRegions = (
				en,
				Base,
			);
			mainGroup = 88F93BC51D465B5200B99B7C;
			productRefGroup = 88F93BCF1D465B5200B99B7C /* Products */;
			projectDirPath = "";
			projectRoot = "";
			targets = (
				88F93BCD1D465B5200B99B7C /* FunBoxTest */,
			);
		};
/* End PBXProject section */

/* Begin PBXResourcesBuildPhase section */
		88F93BCC1D465B5200B99B7C /* Resources */ = {
			isa = PBXResourcesBuildPhase;
			buildActionMask = 2147483647;
			files = (
				88F93BE61D46628600B99B7C /* data.csv in Resources */,
				88F93BDE1D465B5200B99B7C /* LaunchScreen.storyboard in Resources */,
				88F93BDB1D465B5200B99B7C /* Assets.xcassets in Resources */,
				88F93BD91D465B5200B99B7C /* Main.storyboard in Resources */,
			);
			runOnlyForDeploymentPostprocessing = 0;
		};
/* End PBXResourcesBuildPhase section */

/* Begin PBXShellScriptBuildPhase section */
		BB952B1BBCD6D94935CF5BED /* [CP] Check Pods Manifest.lock */ = {
			isa = PBXShellScriptBuildPhase;
			buildActionMask = 2147483647;
			files = (
			);
			inputPaths = (
			);
			name = "[CP] Check Pods Manifest.lock";
			outputPaths = (
			);
			runOnlyForDeploymentPostprocessing = 0;
			shellPath = /bin/sh;
			shellScript = "diff \"${PODS_ROOT}/../Podfile.lock\" \"${PODS_ROOT}/Manifest.lock\" > /dev/null\nif [[ $? != 0 ]] ; then\n    cat << EOM\nerror: The sandbox is not in sync with the Podfile.lock. Run 'pod install' or update your CocoaPods installation.\nEOM\n    exit 1\nfi\n";
			showEnvVarsInLog = 0;
		};
		C698A7056B97A0B2F2E2C74B /* [CP] Embed Pods Frameworks */ = {
			isa = PBXShellScriptBuildPhase;
			buildActionMask = 2147483647;
			files = (
			);
			inputPaths = (
			);
			name = "[CP] Embed Pods Frameworks";
			outputPaths = (
			);
			runOnlyForDeploymentPostprocessing = 0;
			shellPath = /bin/sh;
			shellScript = "\"${SRCROOT}/Pods/Target Support Files/Pods-FunBoxTest/Pods-FunBoxTest-frameworks.sh\"\n";
			showEnvVarsInLog = 0;
		};
		FC1DD2197924AD88E220BC97 /* [CP] Copy Pods Resources */ = {
			isa = PBXShellScriptBuildPhase;
			buildActionMask = 2147483647;
			files = (
			);
			inputPaths = (
			);
			name = "[CP] Copy Pods Resources";
			outputPaths = (
			);
			runOnlyForDeploymentPostprocessing = 0;
			shellPath = /bin/sh;
			shellScript = "\"${SRCROOT}/Pods/Target Support Files/Pods-FunBoxTest/Pods-FunBoxTest-resources.sh\"\n";
			showEnvVarsInLog = 0;
		};
/* End PBXShellScriptBuildPhase section */

/* Begin PBXSourcesBuildPhase section */
		88F93BCA1D465B5200B99B7C /* Sources */ = {
			isa = PBXSourcesBuildPhase;
			buildActionMask = 2147483647;
			files = (
				881106591D6E319200C9835C /* BackEndItemsViewController.swift in Sources */,
				8811064F1D6CE1B400C9835C /* FrontEndItemViewController.swift in Sources */,
				880E6F951D722DBE0014C35C /* StorageManager.swift in Sources */,
				880E6F931D722D0B0014C35C /* JSONStorageManager.swift in Sources */,
				883DC2EB1D64FAFF0022D4CE /* CSVStorageManager.swift in Sources */,
				883DC2E81D64DAF90022D4CE /* ShopItem.swift in Sources */,
				880E6F8A1D6E6EFB0014C35C /* BackEndItemViewController.swift in Sources */,
				88F93BD21D465B5200B99B7C /* AppDelegate.swift in Sources */,
				88E9E3411D69D3C400A0E3C3 /* ShopDataManager.swift in Sources */,
				8811065B1D6E436C00C9835C /* BackEndItemCell.swift in Sources */,
				88F93BD41D465B5200B99B7C /* FrontItemsViewController.swift in Sources */,
			);
			runOnlyForDeploymentPostprocessing = 0;
		};
/* End PBXSourcesBuildPhase section */

/* Begin PBXVariantGroup section */
		88F93BD71D465B5200B99B7C /* Main.storyboard */ = {
			isa = PBXVariantGroup;
			children = (
				88F93BD81D465B5200B99B7C /* Base */,
			);
			name = Main.storyboard;
			sourceTree = "<group>";
		};
		88F93BDC1D465B5200B99B7C /* LaunchScreen.storyboard */ = {
			isa = PBXVariantGroup;
			children = (
				88F93BDD1D465B5200B99B7C /* Base */,
			);
			name = LaunchScreen.storyboard;
			sourceTree = "<group>";
		};
/* End PBXVariantGroup section */

/* Begin XCBuildConfiguration section */
		88F93BE01D465B5200B99B7C /* Debug */ = {
			isa = XCBuildConfiguration;
			buildSettings = {
				ALWAYS_SEARCH_USER_PATHS = NO;
				CLANG_ANALYZER_NONNULL = YES;
				CLANG_CXX_LANGUAGE_STANDARD = "gnu++0x";
				CLANG_CXX_LIBRARY = "libc++";
				CLANG_ENABLE_MODULES = YES;
				CLANG_ENABLE_OBJC_ARC = YES;
				CLANG_WARN_BOOL_CONVERSION = YES;
				CLANG_WARN_CONSTANT_CONVERSION = YES;
				CLANG_WARN_DIRECT_OBJC_ISA_USAGE = YES_ERROR;
				CLANG_WARN_EMPTY_BODY = YES;
				CLANG_WARN_ENUM_CONVERSION = YES;
				CLANG_WARN_INT_CONVERSION = YES;
				CLANG_WARN_OBJC_ROOT_CLASS = YES_ERROR;
				CLANG_WARN_UNREACHABLE_CODE = YES;
				CLANG_WARN__DUPLICATE_METHOD_MATCH = YES;
				"CODE_SIGN_IDENTITY[sdk=iphoneos*]" = "iPhone Developer";
				COPY_PHASE_STRIP = NO;
				DEBUG_INFORMATION_FORMAT = dwarf;
				ENABLE_STRICT_OBJC_MSGSEND = YES;
				ENABLE_TESTABILITY = YES;
				GCC_C_LANGUAGE_STANDARD = gnu99;
				GCC_DYNAMIC_NO_PIC = NO;
				GCC_NO_COMMON_BLOCKS = YES;
				GCC_OPTIMIZATION_LEVEL = 0;
				GCC_PREPROCESSOR_DEFINITIONS = (
					"DEBUG=1",
					"$(inherited)",
				);
				GCC_WARN_64_TO_32_BIT_CONVERSION = YES;
				GCC_WARN_ABOUT_RETURN_TYPE = YES_ERROR;
				GCC_WARN_UNDECLARED_SELECTOR = YES;
				GCC_WARN_UNINITIALIZED_AUTOS = YES_AGGRESSIVE;
				GCC_WARN_UNUSED_FUNCTION = YES;
				GCC_WARN_UNUSED_VARIABLE = YES;
				IPHONEOS_DEPLOYMENT_TARGET = 9.3;
				MTL_ENABLE_DEBUG_INFO = YES;
				ONLY_ACTIVE_ARCH = YES;
				SDKROOT = iphoneos;
				SWIFT_OPTIMIZATION_LEVEL = "-Onone";
			};
			name = Debug;
		};
		88F93BE11D465B5200B99B7C /* Release */ = {
			isa = XCBuildConfiguration;
			buildSettings = {
				ALWAYS_SEARCH_USER_PATHS = NO;
				CLANG_ANALYZER_NONNULL = YES;
				CLANG_CXX_LANGUAGE_STANDARD = "gnu++0x";
				CLANG_CXX_LIBRARY = "libc++";
				CLANG_ENABLE_MODULES = YES;
				CLANG_ENABLE_OBJC_ARC = YES;
				CLANG_WARN_BOOL_CONVERSION = YES;
				CLANG_WARN_CONSTANT_CONVERSION = YES;
				CLANG_WARN_DIRECT_OBJC_ISA_USAGE = YES_ERROR;
				CLANG_WARN_EMPTY_BODY = YES;
				CLANG_WARN_ENUM_CONVERSION = YES;
				CLANG_WARN_INT_CONVERSION = YES;
				CLANG_WARN_OBJC_ROOT_CLASS = YES_ERROR;
				CLANG_WARN_UNREACHABLE_CODE = YES;
				CLANG_WARN__DUPLICATE_METHOD_MATCH = YES;
				"CODE_SIGN_IDENTITY[sdk=iphoneos*]" = "iPhone Developer";
				COPY_PHASE_STRIP = NO;
				DEBUG_INFORMATION_FORMAT = "dwarf-with-dsym";
				ENABLE_NS_ASSERTIONS = NO;
				ENABLE_STRICT_OBJC_MSGSEND = YES;
				GCC_C_LANGUAGE_STANDARD = gnu99;
				GCC_NO_COMMON_BLOCKS = YES;
				GCC_WARN_64_TO_32_BIT_CONVERSION = YES;
				GCC_WARN_ABOUT_RETURN_TYPE = YES_ERROR;
				GCC_WARN_UNDECLARED_SELECTOR = YES;
				GCC_WARN_UNINITIALIZED_AUTOS = YES_AGGRESSIVE;
				GCC_WARN_UNUSED_FUNCTION = YES;
				GCC_WARN_UNUSED_VARIABLE = YES;
				IPHONEOS_DEPLOYMENT_TARGET = 9.3;
				MTL_ENABLE_DEBUG_INFO = NO;
				SDKROOT = iphoneos;
				VALIDATE_PRODUCT = YES;
			};
			name = Release;
		};
		88F93BE31D465B5200B99B7C /* Debug */ = {
			isa = XCBuildConfiguration;
			baseConfigurationReference = 4AFF52E89352BFB40127F8AE /* Pods-FunBoxTest.debug.xcconfig */;
			buildSettings = {
				ASSETCATALOG_COMPILER_APPICON_NAME = AppIcon;
				CODE_SIGN_IDENTITY = "iPhone Developer";
				"CODE_SIGN_IDENTITY[sdk=iphoneos*]" = "iPhone Developer";
				INFOPLIST_FILE = FunBoxTest/Info.plist;
				LD_RUNPATH_SEARCH_PATHS = "$(inherited) @executable_path/Frameworks";
				PRODUCT_BUNDLE_IDENTIFIER = "TetoFa-kun.FunBoxTest";
				PRODUCT_NAME = "$(TARGET_NAME)";
				PROVISIONING_PROFILE = "";
			};
			name = Debug;
		};
		88F93BE41D465B5200B99B7C /* Release */ = {
			isa = XCBuildConfiguration;
			baseConfigurationReference = 05A7FF323D13F4CAC361B052 /* Pods-FunBoxTest.release.xcconfig */;
			buildSettings = {
				ASSETCATALOG_COMPILER_APPICON_NAME = AppIcon;
				CODE_SIGN_IDENTITY = "iPhone Developer";
				"CODE_SIGN_IDENTITY[sdk=iphoneos*]" = "iPhone Developer";
				INFOPLIST_FILE = FunBoxTest/Info.plist;
				LD_RUNPATH_SEARCH_PATHS = "$(inherited) @executable_path/Frameworks";
				PRODUCT_BUNDLE_IDENTIFIER = "TetoFa-kun.FunBoxTest";
				PRODUCT_NAME = "$(TARGET_NAME)";
				PROVISIONING_PROFILE = "";
			};
			name = Release;
		};
/* End XCBuildConfiguration section */

/* Begin XCConfigurationList section */
		88F93BC91D465B5200B99B7C /* Build configuration list for PBXProject "FunBoxTest" */ = {
			isa = XCConfigurationList;
			buildConfigurations = (
				88F93BE01D465B5200B99B7C /* Debug */,
				88F93BE11D465B5200B99B7C /* Release */,
			);
			defaultConfigurationIsVisible = 0;
			defaultConfigurationName = Release;
		};
		88F93BE21D465B5200B99B7C /* Build configuration list for PBXNativeTarget "FunBoxTest" */ = {
			isa = XCConfigurationList;
			buildConfigurations = (
				88F93BE31D465B5200B99B7C /* Debug */,
				88F93BE41D465B5200B99B7C /* Release */,
			);
			defaultConfigurationIsVisible = 0;
			defaultConfigurationName = Release;
		};
/* End XCConfigurationList section */
	};
	rootObject = 88F93BC61D465B5200B99B7C /* Project object */;
}
